// !$*UTF8*$!
{
	archiveVersion = 1;
	classes = {
	};
	objectVersion = 48;
	objects = {

/* Begin PBXBuildFile section */
		89D75F371F96F9EC00BA7987 /* AppDelegate.swift in Sources */ = {isa = PBXBuildFile; fileRef = 89D75F361F96F9EC00BA7987 /* AppDelegate.swift */; };
		89D75F391F96F9EC00BA7987 /* ViewController.swift in Sources */ = {isa = PBXBuildFile; fileRef = 89D75F381F96F9EC00BA7987 /* ViewController.swift */; };
		89D75F3C1F96F9EC00BA7987 /* Main.storyboard in Resources */ = {isa = PBXBuildFile; fileRef = 89D75F3A1F96F9EC00BA7987 /* Main.storyboard */; };
		89D75F3E1F96F9EC00BA7987 /* Assets.xcassets in Resources */ = {isa = PBXBuildFile; fileRef = 89D75F3D1F96F9EC00BA7987 /* Assets.xcassets */; };
		89D75F411F96F9EC00BA7987 /* LaunchScreen.storyboard in Resources */ = {isa = PBXBuildFile; fileRef = 89D75F3F1F96F9EC00BA7987 /* LaunchScreen.storyboard */; };
		89D75F4C1F96F9EC00BA7987 /* PassingDataSegueTests.swift in Sources */ = {isa = PBXBuildFile; fileRef = 89D75F4B1F96F9EC00BA7987 /* PassingDataSegueTests.swift */; };
		89D75F571F96F9EC00BA7987 /* PassingDataSegueUITests.swift in Sources */ = {isa = PBXBuildFile; fileRef = 89D75F561F96F9EC00BA7987 /* PassingDataSegueUITests.swift */; };
		89D75F651F96FD0F00BA7987 /* GetDataViewController.swift in Sources */ = {isa = PBXBuildFile; fileRef = 89D75F641F96FD0F00BA7987 /* GetDataViewController.swift */; };
/* End PBXBuildFile section */

/* Begin PBXContainerItemProxy section */
		89D75F481F96F9EC00BA7987 /* PBXContainerItemProxy */ = {
			isa = PBXContainerItemProxy;
			containerPortal = 89D75F2B1F96F9EC00BA7987 /* Project object */;
			proxyType = 1;
			remoteGlobalIDString = 89D75F321F96F9EC00BA7987;
			remoteInfo = PassingDataSegue;
		};
		89D75F531F96F9EC00BA7987 /* PBXContainerItemProxy */ = {
			isa = PBXContainerItemProxy;
			containerPortal = 89D75F2B1F96F9EC00BA7987 /* Project object */;
			proxyType = 1;
			remoteGlobalIDString = 89D75F321F96F9EC00BA7987;
			remoteInfo = PassingDataSegue;
		};
/* End PBXContainerItemProxy section */

/* Begin PBXFileReference section */
		89D75F331F96F9EC00BA7987 /* PassingDataSegue.app */ = {isa = PBXFileReference; explicitFileType = wrapper.application; includeInIndex = 0; path = PassingDataSegue.app; sourceTree = BUILT_PRODUCTS_DIR; };
		89D75F361F96F9EC00BA7987 /* AppDelegate.swift */ = {isa = PBXFileReference; lastKnownFileType = sourcecode.swift; path = AppDelegate.swift; sourceTree = "<group>"; };
		89D75F381F96F9EC00BA7987 /* ViewController.swift */ = {isa = PBXFileReference; lastKnownFileType = sourcecode.swift; path = ViewController.swift; sourceTree = "<group>"; };
		89D75F3B1F96F9EC00BA7987 /* Base */ = {isa = PBXFileReference; lastKnownFileType = file.storyboard; name = Base; path = Base.lproj/Main.storyboard; sourceTree = "<group>"; };
		89D75F3D1F96F9EC00BA7987 /* Assets.xcassets */ = {isa = PBXFileReference; lastKnownFileType = folder.assetcatalog; path = Assets.xcassets; sourceTree = "<group>"; };
		89D75F401F96F9EC00BA7987 /* Base */ = {isa = PBXFileReference; lastKnownFileType = file.storyboard; name = Base; path = Base.lproj/LaunchScreen.storyboard; sourceTree = "<group>"; };
		89D75F421F96F9EC00BA7987 /* Info.plist */ = {isa = PBXFileReference; lastKnownFileType = text.plist.xml; path = Info.plist; sourceTree = "<group>"; };
		89D75F471F96F9EC00BA7987 /* PassingDataSegueTests.xctest */ = {isa = PBXFileReference; explicitFileType = wrapper.cfbundle; includeInIndex = 0; path = PassingDataSegueTests.xctest; sourceTree = BUILT_PRODUCTS_DIR; };
		89D75F4B1F96F9EC00BA7987 /* PassingDataSegueTests.swift */ = {isa = PBXFileReference; lastKnownFileType = sourcecode.swift; path = PassingDataSegueTests.swift; sourceTree = "<group>"; };
		89D75F4D1F96F9EC00BA7987 /* Info.plist */ = {isa = PBXFileReference; lastKnownFileType = text.plist.xml; path = Info.plist; sourceTree = "<group>"; };
		89D75F521F96F9EC00BA7987 /* PassingDataSegueUITests.xctest */ = {isa = PBXFileReference; explicitFileType = wrapper.cfbundle; includeInIndex = 0; path = PassingDataSegueUITests.xctest; sourceTree = BUILT_PRODUCTS_DIR; };
		89D75F561F96F9EC00BA7987 /* PassingDataSegueUITests.swift */ = {isa = PBXFileReference; lastKnownFileType = sourcecode.swift; path = PassingDataSegueUITests.swift; sourceTree = "<group>"; };
		89D75F581F96F9EC00BA7987 /* Info.plist */ = {isa = PBXFileReference; lastKnownFileType = text.plist.xml; path = Info.plist; sourceTree = "<group>"; };
		89D75F641F96FD0F00BA7987 /* GetDataViewController.swift */ = {isa = PBXFileReference; lastKnownFileType = sourcecode.swift; path = GetDataViewController.swift; sourceTree = "<group>"; };
/* End PBXFileReference section */

/* Begin PBXFrameworksBuildPhase section */
		89D75F301F96F9EC00BA7987 /* Frameworks */ = {
			isa = PBXFrameworksBuildPhase;
			buildActionMask = 2147483647;
			files = (
			);
			runOnlyForDeploymentPostprocessing = 0;
		};
		89D75F441F96F9EC00BA7987 /* Frameworks */ = {
			isa = PBXFrameworksBuildPhase;
			buildActionMask = 2147483647;
			files = (
			);
			runOnlyForDeploymentPostprocessing = 0;
		};
		89D75F4F1F96F9EC00BA7987 /* Frameworks */ = {
			isa = PBXFrameworksBuildPhase;
			buildActionMask = 2147483647;
			files = (
			);
			runOnlyForDeploymentPostprocessing = 0;
		};
/* End PBXFrameworksBuildPhase section */

/* Begin PBXGroup section */
		89D75F2A1F96F9EC00BA7987 = {
			isa = PBXGroup;
			children = (
				89D75F351F96F9EC00BA7987 /* PassingDataSegue */,
				89D75F4A1F96F9EC00BA7987 /* PassingDataSegueTests */,
				89D75F551F96F9EC00BA7987 /* PassingDataSegueUITests */,
				89D75F341F96F9EC00BA7987 /* Products */,
			);
			sourceTree = "<group>";
		};
		89D75F341F96F9EC00BA7987 /* Products */ = {
			isa = PBXGroup;
			children = (
				89D75F331F96F9EC00BA7987 /* PassingDataSegue.app */,
				89D75F471F96F9EC00BA7987 /* PassingDataSegueTests.xctest */,
				89D75F521F96F9EC00BA7987 /* PassingDataSegueUITests.xctest */,
			);
			name = Products;
			sourceTree = "<group>";
		};
		89D75F351F96F9EC00BA7987 /* PassingDataSegue */ = {
			isa = PBXGroup;
			children = (
				89D75F361F96F9EC00BA7987 /* AppDelegate.swift */,
				89D75F381F96F9EC00BA7987 /* ViewController.swift */,
				89D75F641F96FD0F00BA7987 /* GetDataViewController.swift */,
				89D75F3A1F96F9EC00BA7987 /* Main.storyboard */,
				89D75F3D1F96F9EC00BA7987 /* Assets.xcassets */,
				89D75F3F1F96F9EC00BA7987 /* LaunchScreen.storyboard */,
				89D75F421F96F9EC00BA7987 /* Info.plist */,
			);
			path = PassingDataSegue;
			sourceTree = "<group>";
		};
		89D75F4A1F96F9EC00BA7987 /* PassingDataSegueTests */ = {
			isa = PBXGroup;
			children = (
				89D75F4B1F96F9EC00BA7987 /* PassingDataSegueTests.swift */,
				89D75F4D1F96F9EC00BA7987 /* Info.plist */,
			);
			path = PassingDataSegueTests;
			sourceTree = "<group>";
		};
		89D75F551F96F9EC00BA7987 /* PassingDataSegueUITests */ = {
			isa = PBXGroup;
			children = (
				89D75F561F96F9EC00BA7987 /* PassingDataSegueUITests.swift */,
				89D75F581F96F9EC00BA7987 /* Info.plist */,
			);
			path = PassingDataSegueUITests;
			sourceTree = "<group>";
		};
/* End PBXGroup section */

/* Begin PBXNativeTarget section */
		89D75F321F96F9EC00BA7987 /* PassingDataSegue */ = {
			isa = PBXNativeTarget;
			buildConfigurationList = 89D75F5B1F96F9EC00BA7987 /* Build configuration list for PBXNativeTarget "PassingDataSegue" */;
			buildPhases = (
				89D75F2F1F96F9EC00BA7987 /* Sources */,
				89D75F301F96F9EC00BA7987 /* Frameworks */,
				89D75F311F96F9EC00BA7987 /* Resources */,
			);
			buildRules = (
			);
			dependencies = (
			);
			name = PassingDataSegue;
			productName = PassingDataSegue;
			productReference = 89D75F331F96F9EC00BA7987 /* PassingDataSegue.app */;
			productType = "com.apple.product-type.application";
		};
		89D75F461F96F9EC00BA7987 /* PassingDataSegueTests */ = {
			isa = PBXNativeTarget;
			buildConfigurationList = 89D75F5E1F96F9EC00BA7987 /* Build configuration list for PBXNativeTarget "PassingDataSegueTests" */;
			buildPhases = (
				89D75F431F96F9EC00BA7987 /* Sources */,
				89D75F441F96F9EC00BA7987 /* Frameworks */,
				89D75F451F96F9EC00BA7987 /* Resources */,
			);
			buildRules = (
			);
			dependencies = (
				89D75F491F96F9EC00BA7987 /* PBXTargetDependency */,
			);
			name = PassingDataSegueTests;
			productName = PassingDataSegueTests;
			productReference = 89D75F471F96F9EC00BA7987 /* PassingDataSegueTests.xctest */;
			productType = "com.apple.product-type.bundle.unit-test";
		};
		89D75F511F96F9EC00BA7987 /* PassingDataSegueUITests */ = {
			isa = PBXNativeTarget;
			buildConfigurationList = 89D75F611F96F9EC00BA7987 /* Build configuration list for PBXNativeTarget "PassingDataSegueUITests" */;
			buildPhases = (
				89D75F4E1F96F9EC00BA7987 /* Sources */,
				89D75F4F1F96F9EC00BA7987 /* Frameworks */,
				89D75F501F96F9EC00BA7987 /* Resources */,
			);
			buildRules = (
			);
			dependencies = (
				89D75F541F96F9EC00BA7987 /* PBXTargetDependency */,
			);
			name = PassingDataSegueUITests;
			productName = PassingDataSegueUITests;
			productReference = 89D75F521F96F9EC00BA7987 /* PassingDataSegueUITests.xctest */;
			productType = "com.apple.product-type.bundle.ui-testing";
		};
/* End PBXNativeTarget section */

/* Begin PBXProject section */
		89D75F2B1F96F9EC00BA7987 /* Project object */ = {
			isa = PBXProject;
			attributes = {
				LastSwiftUpdateCheck = 0900;
				LastUpgradeCheck = 0900;
				ORGANIZATIONNAME = Naufel;
				TargetAttributes = {
					89D75F321F96F9EC00BA7987 = {
						CreatedOnToolsVersion = 9.0;
						ProvisioningStyle = Automatic;
					};
					89D75F461F96F9EC00BA7987 = {
						CreatedOnToolsVersion = 9.0;
						ProvisioningStyle = Automatic;
						TestTargetID = 89D75F321F96F9EC00BA7987;
					};
					89D75F511F96F9EC00BA7987 = {
						CreatedOnToolsVersion = 9.0;
						ProvisioningStyle = Automatic;
						TestTargetID = 89D75F321F96F9EC00BA7987;
					};
				};
			};
			buildConfigurationList = 89D75F2E1F96F9EC00BA7987 /* Build configuration list for PBXProject "PassingDataSegue" */;
			compatibilityVersion = "Xcode 8.0";
			developmentRegion = en;
			hasScannedForEncodings = 0;
			knownRegions = (
				en,
				Base,
			);
			mainGroup = 89D75F2A1F96F9EC00BA7987;
			productRefGroup = 89D75F341F96F9EC00BA7987 /* Products */;
			projectDirPath = "";
			projectRoot = "";
			targets = (
				89D75F321F96F9EC00BA7987 /* PassingDataSegue */,
				89D75F461F96F9EC00BA7987 /* PassingDataSegueTests */,
				89D75F511F96F9EC00BA7987 /* PassingDataSegueUITests */,
			);
		};
/* End PBXProject section */

/* Begin PBXResourcesBuildPhase section */
		89D75F311F96F9EC00BA7987 /* Resources */ = {
			isa = PBXResourcesBuildPhase;
			buildActionMask = 2147483647;
			files = (
				89D75F411F96F9EC00BA7987 /* LaunchScreen.storyboard in Resources */,
				89D75F3E1F96F9EC00BA7987 /* Assets.xcassets in Resources */,
				89D75F3C1F96F9EC00BA7987 /* Main.storyboard in Resources */,
			);
			runOnlyForDeploymentPostprocessing = 0;
		};
		89D75F451F96F9EC00BA7987 /* Resources */ = {
			isa = PBXResourcesBuildPhase;
			buildActionMask = 2147483647;
			files = (
			);
			runOnlyForDeploymentPostprocessing = 0;
		};
		89D75F501F96F9EC00BA7987 /* Resources */ = {
			isa = PBXResourcesBuildPhase;
			buildActionMask = 2147483647;
			files = (
			);
			runOnlyForDeploymentPostprocessing = 0;
		};
/* End PBXResourcesBuildPhase section */

/* Begin PBXSourcesBuildPhase section */
		89D75F2F1F96F9EC00BA7987 /* Sources */ = {
			isa = PBXSourcesBuildPhase;
			buildActionMask = 2147483647;
			files = (
				89D75F651F96FD0F00BA7987 /* GetDataViewController.swift in Sources */,
				89D75F391F96F9EC00BA7987 /* ViewController.swift in Sources */,
				89D75F371F96F9EC00BA7987 /* AppDelegate.swift in Sources */,
			);
			runOnlyForDeploymentPostprocessing = 0;
		};
		89D75F431F96F9EC00BA7987 /* Sources */ = {
			isa = PBXSourcesBuildPhase;
			buildActionMask = 2147483647;
			files = (
				89D75F4C1F96F9EC00BA7987 /* PassingDataSegueTests.swift in Sources */,
			);
			runOnlyForDeploymentPostprocessing = 0;
		};
		89D75F4E1F96F9EC00BA7987 /* Sources */ = {
			isa = PBXSourcesBuildPhase;
			buildActionMask = 2147483647;
			files = (
				89D75F571F96F9EC00BA7987 /* PassingDataSegueUITests.swift in Sources */,
			);
			runOnlyForDeploymentPostprocessing = 0;
		};
/* End PBXSourcesBuildPhase section */

/* Begin PBXTargetDependency section */
		89D75F491F96F9EC00BA7987 /* PBXTargetDependency */ = {
			isa = PBXTargetDependency;
			target = 89D75F321F96F9EC00BA7987 /* PassingDataSegue */;
			targetProxy = 89D75F481F96F9EC00BA7987 /* PBXContainerItemProxy */;
		};
		89D75F541F96F9EC00BA7987 /* PBXTargetDependency */ = {
			isa = PBXTargetDependency;
			target = 89D75F321F96F9EC00BA7987 /* PassingDataSegue */;
			targetProxy = 89D75F531F96F9EC00BA7987 /* PBXContainerItemProxy */;
		};
/* End PBXTargetDependency section */

/* Begin PBXVariantGroup section */
		89D75F3A1F96F9EC00BA7987 /* Main.storyboard */ = {
			isa = PBXVariantGroup;
			children = (
				89D75F3B1F96F9EC00BA7987 /* Base */,
			);
			name = Main.storyboard;
			sourceTree = "<group>";
		};
		89D75F3F1F96F9EC00BA7987 /* LaunchScreen.storyboard */ = {
			isa = PBXVariantGroup;
			children = (
				89D75F401F96F9EC00BA7987 /* Base */,
			);
			name = LaunchScreen.storyboard;
			sourceTree = "<group>";
		};
/* End PBXVariantGroup section */

/* Begin XCBuildConfiguration section */
		89D75F591F96F9EC00BA7987 /* Debug */ = {
			isa = XCBuildConfiguration;
			buildSettings = {
				ALWAYS_SEARCH_USER_PATHS = NO;
				CLANG_ANALYZER_NONNULL = YES;
				CLANG_ANALYZER_NUMBER_OBJECT_CONVERSION = YES_AGGRESSIVE;
				CLANG_CXX_LANGUAGE_STANDARD = "gnu++14";
				CLANG_CXX_LIBRARY = "libc++";
				CLANG_ENABLE_MODULES = YES;
				CLANG_ENABLE_OBJC_ARC = YES;
				CLANG_WARN_BLOCK_CAPTURE_AUTORELEASING = YES;
				CLANG_WARN_BOOL_CONVERSION = YES;
				CLANG_WARN_COMMA = YES;
				CLANG_WARN_CONSTANT_CONVERSION = YES;
				CLANG_WARN_DIRECT_OBJC_ISA_USAGE = YES_ERROR;
				CLANG_WARN_DOCUMENTATION_COMMENTS = YES;
				CLANG_WARN_EMPTY_BODY = YES;
				CLANG_WARN_ENUM_CONVERSION = YES;
				CLANG_WARN_INFINITE_RECURSION = YES;
				CLANG_WARN_INT_CONVERSION = YES;
				CLANG_WARN_NON_LITERAL_NULL_CONVERSION = YES;
				CLANG_WARN_OBJC_LITERAL_CONVERSION = YES;
				CLANG_WARN_OBJC_ROOT_CLASS = YES_ERROR;
				CLANG_WARN_RANGE_LOOP_ANALYSIS = YES;
				CLANG_WARN_STRICT_PROTOTYPES = YES;
				CLANG_WARN_SUSPICIOUS_MOVE = YES;
				CLANG_WARN_UNGUARDED_AVAILABILITY = YES_AGGRESSIVE;
				CLANG_WARN_UNREACHABLE_CODE = YES;
				CLANG_WARN__DUPLICATE_METHOD_MATCH = YES;
				CODE_SIGN_IDENTITY = "iPhone Developer";
				COPY_PHASE_STRIP = NO;
				DEBUG_INFORMATION_FORMAT = dwarf;
				ENABLE_STRICT_OBJC_MSGSEND = YES;
				ENABLE_TESTABILITY = YES;
				GCC_C_LANGUAGE_STANDARD = gnu11;
				GCC_DYNAMIC_NO_PIC = NO;
				GCC_NO_COMMON_BLOCKS = YES;
				GCC_OPTIMIZATION_LEVEL = 0;
				GCC_PREPROCESSOR_DEFINITIONS = (
					"DEBUG=1",
					"$(inherited)",
				);
				GCC_WARN_64_TO_32_BIT_CONVERSION = YES;
				GCC_WARN_ABOUT_RETURN_TYPE = YES_ERROR;
				GCC_WARN_UNDECLARED_SELECTOR = YES;
				GCC_WARN_UNINITIALIZED_AUTOS = YES_AGGRESSIVE;
				GCC_WARN_UNUSED_FUNCTION = YES;
				GCC_WARN_UNUSED_VARIABLE = YES;
				IPHONEOS_DEPLOYMENT_TARGET = 11.0;
				MTL_ENABLE_DEBUG_INFO = YES;
				ONLY_ACTIVE_ARCH = YES;
				SDKROOT = iphoneos;
				SWIFT_ACTIVE_COMPILATION_CONDITIONS = DEBUG;
				SWIFT_OPTIMIZATION_LEVEL = "-Onone";
			};
			name = Debug;
		};
		89D75F5A1F96F9EC00BA7987 /* Release */ = {
			isa = XCBuildConfiguration;
			buildSettings = {
				ALWAYS_SEARCH_USER_PATHS = NO;
				CLANG_ANALYZER_NONNULL = YES;
				CLANG_ANALYZER_NUMBER_OBJECT_CONVERSION = YES_AGGRESSIVE;
				CLANG_CXX_LANGUAGE_STANDARD = "gnu++14";
				CLANG_CXX_LIBRARY = "libc++";
				CLANG_ENABLE_MODULES = YES;
				CLANG_ENABLE_OBJC_ARC = YES;
				CLANG_WARN_BLOCK_CAPTURE_AUTORELEASING = YES;
				CLANG_WARN_BOOL_CONVERSION = YES;
				CLANG_WARN_COMMA = YES;
				CLANG_WARN_CONSTANT_CONVERSION = YES;
				CLANG_WARN_DIRECT_OBJC_ISA_USAGE = YES_ERROR;
				CLANG_WARN_DOCUMENTATION_COMMENTS = YES;
				CLANG_WARN_EMPTY_BODY = YES;
				CLANG_WARN_ENUM_CONVERSION = YES;
				CLANG_WARN_INFINITE_RECURSION = YES;
				CLANG_WARN_INT_CONVERSION = YES;
				CLANG_WARN_NON_LITERAL_NULL_CONVERSION = YES;
				CLANG_WARN_OBJC_LITERAL_CONVERSION = YES;
				CLANG_WARN_OBJC_ROOT_CLASS = YES_ERROR;
				CLANG_WARN_RANGE_LOOP_ANALYSIS = YES;
				CLANG_WARN_STRICT_PROTOTYPES = YES;
				CLANG_WARN_SUSPICIOUS_MOVE = YES;
				CLANG_WARN_UNGUARDED_AVAILABILITY = YES_AGGRESSIVE;
				CLANG_WARN_UNREACHABLE_CODE = YES;
				CLANG_WARN__DUPLICATE_METHOD_MATCH = YES;
				CODE_SIGN_IDENTITY = "iPhone Developer";
				COPY_PHASE_STRIP = NO;
				DEBUG_INFORMATION_FORMAT = "dwarf-with-dsym";
				ENABLE_NS_ASSERTIONS = NO;
				ENABLE_STRICT_OBJC_MSGSEND = YES;
				GCC_C_LANGUAGE_STANDARD = gnu11;
				GCC_NO_COMMON_BLOCKS = YES;
				GCC_WARN_64_TO_32_BIT_CONVERSION = YES;
				GCC_WARN_ABOUT_RETURN_TYPE = YES_ERROR;
				GCC_WARN_UNDECLARED_SELECTOR = YES;
				GCC_WARN_UNINITIALIZED_AUTOS = YES_AGGRESSIVE;
				GCC_WARN_UNUSED_FUNCTION = YES;
				GCC_WARN_UNUSED_VARIABLE = YES;
				IPHONEOS_DEPLOYMENT_TARGET = 11.0;
				MTL_ENABLE_DEBUG_INFO = NO;
				SDKROOT = iphoneos;
				SWIFT_OPTIMIZATION_LEVEL = "-Owholemodule";
				VALIDATE_PRODUCT = YES;
			};
			name = Release;
		};
		89D75F5C1F96F9EC00BA7987 /* Debug */ = {
			isa = XCBuildConfiguration;
			buildSettings = {
				ASSETCATALOG_COMPILER_APPICON_NAME = AppIcon;
				CODE_SIGN_STYLE = Automatic;
				INFOPLIST_FILE = PassingDataSegue/Info.plist;
				LD_RUNPATH_SEARCH_PATHS = "$(inherited) @executable_path/Frameworks";
				PRODUCT_BUNDLE_IDENTIFIER = pok.PassingDataSegue;
				PRODUCT_NAME = "$(TARGET_NAME)";
				SWIFT_VERSION = 4.0;
				TARGETED_DEVICE_FAMILY = "1,2";
			};
			name = Debug;
		};
		89D75F5D1F96F9EC00BA7987 /* Release */ = {
			isa = XCBuildConfiguration;
			buildSettings = {
				ASSETCATALOG_COMPILER_APPICON_NAME = AppIcon;
				CODE_SIGN_STYLE = Automatic;
				INFOPLIST_FILE = PassingDataSegue/Info.plist;
				LD_RUNPATH_SEARCH_PATHS = "$(inherited) @executable_path/Frameworks";
				PRODUCT_BUNDLE_IDENTIFIER = pok.PassingDataSegue;
				PRODUCT_NAME = "$(TARGET_NAME)";
				SWIFT_VERSION = 4.0;
				TARGETED_DEVICE_FAMILY = "1,2";
			};
			name = Release;
		};
		89D75F5F1F96F9EC00BA7987 /* Debug */ = {
			isa = XCBuildConfiguration;
			buildSettings = {
				ALWAYS_EMBED_SWIFT_STANDARD_LIBRARIES = YES;
				BUNDLE_LOADER = "$(TEST_HOST)";
				CODE_SIGN_STYLE = Automatic;
				INFOPLIST_FILE = PassingDataSegueTests/Info.plist;
				LD_RUNPATH_SEARCH_PATHS = "$(inherited) @executable_path/Frameworks @loader_path/Frameworks";
				PRODUCT_BUNDLE_IDENTIFIER = pok.PassingDataSegueTests;
				PRODUCT_NAME = "$(TARGET_NAME)";
				SWIFT_VERSION = 4.0;
				TARGETED_DEVICE_FAMILY = "1,2";
				TEST_HOST = "$(BUILT_PRODUCTS_DIR)/PassingDataSegue.app/PassingDataSegue";
			};
			name = Debug;
		};
		89D75F601F96F9EC00BA7987 /* Release */ = {
			isa = XCBuildConfiguration;
			buildSettings = {
				ALWAYS_EMBED_SWIFT_STANDARD_LIBRARIES = YES;
				BUNDLE_LOADER = "$(TEST_HOST)";
				CODE_SIGN_STYLE = Automatic;
				INFOPLIST_FILE = PassingDataSegueTests/Info.plist;
				LD_RUNPATH_SEARCH_PATHS = "$(inherited) @executable_path/Frameworks @loader_path/Frameworks";
				PRODUCT_BUNDLE_IDENTIFIER = pok.PassingDataSegueTests;
				PRODUCT_NAME = "$(TARGET_NAME)";
				SWIFT_VERSION = 4.0;
				TARGETED_DEVICE_FAMILY = "1,2";
				TEST_HOST = "$(BUILT_PRODUCTS_DIR)/PassingDataSegue.app/PassingDataSegue";
			};
			name = Release;
		};
		89D75F621F96F9EC00BA7987 /* Debug */ = {
			isa = XCBuildConfiguration;
			buildSettings = {
				ALWAYS_EMBED_SWIFT_STANDARD_LIBRARIES = YES;
				CODE_SIGN_STYLE = Automatic;
				INFOPLIST_FILE = PassingDataSegueUITests/Info.plist;
				LD_RUNPATH_SEARCH_PATHS = "$(inherited) @executable_path/Frameworks @loader_path/Frameworks";
				PRODUCT_BUNDLE_IDENTIFIER = pok.PassingDataSegueUITests;
				PRODUCT_NAME = "$(TARGET_NAME)";
				SWIFT_VERSION = 4.0;
				TARGETED_DEVICE_FAMILY = "1,2";
				TEST_TARGET_NAME = PassingDataSegue;
			};
			name = Debug;
		};
		89D75F631F96F9EC00BA7987 /* Release */ = {
			isa = XCBuildConfiguration;
			buildSettings = {
				ALWAYS_EMBED_SWIFT_STANDARD_LIBRARIES = YES;
				CODE_SIGN_STYLE = Automatic;
				INFOPLIST_FILE = PassingDataSegueUITests/Info.plist;
				LD_RUNPATH_SEARCH_PATHS = "$(inherited) @executable_path/Frameworks @loader_path/Frameworks";
				PRODUCT_BUNDLE_IDENTIFIER = pok.PassingDataSegueUITests;
				PRODUCT_NAME = "$(TARGET_NAME)";
				SWIFT_VERSION = 4.0;
				TARGETED_DEVICE_FAMILY = "1,2";
				TEST_TARGET_NAME = PassingDataSegue;
			};
			name = Release;
		};
/* End XCBuildConfiguration section */

/* Begin XCConfigurationList section */
		89D75F2E1F96F9EC00BA7987 /* Build configuration list for PBXProject "PassingDataSegue" */ = {
			isa = XCConfigurationList;
			buildConfigurations = (
				89D75F591F96F9EC00BA7987 /* Debug */,
				89D75F5A1F96F9EC00BA7987 /* Release */,
			);
			defaultConfigurationIsVisible = 0;
			defaultConfigurationName = Release;
		};
		89D75F5B1F96F9EC00BA7987 /* Build configuration list for PBXNativeTarget "PassingDataSegue" */ = {
			isa = XCConfigurationList;
			buildConfigurations = (
				89D75F5C1F96F9EC00BA7987 /* Debug */,
				89D75F5D1F96F9EC00BA7987 /* Release */,
			);
			defaultConfigurationIsVisible = 0;
			defaultConfigurationName = Release;
		};
		89D75F5E1F96F9EC00BA7987 /* Build configuration list for PBXNativeTarget "PassingDataSegueTests" */ = {
			isa = XCConfigurationList;
			buildConfigurations = (
				89D75F5F1F96F9EC00BA7987 /* Debug */,
				89D75F601F96F9EC00BA7987 /* Release */,
			);
			defaultConfigurationIsVisible = 0;
			defaultConfigurationName = Release;
		};
		89D75F611F96F9EC00BA7987 /* Build configuration list for PBXNativeTarget "PassingDataSegueUITests" */ = {
			isa = XCConfigurationList;
			buildConfigurations = (
				89D75F621F96F9EC00BA7987 /* Debug */,
				89D75F631F96F9EC00BA7987 /* Release */,
			);
			defaultConfigurationIsVisible = 0;
			defaultConfigurationName = Release;
		};
/* End XCConfigurationList section */
	};
	rootObject = 89D75F2B1F96F9EC00BA7987 /* Project object */;
}
